{
  "version": "5",
  "specifiers": {
    "npm:jolt-physics@*": "1.0.0"
  },
  "npm": {
    "jolt-physics@1.0.0": {
      "integrity": "sha512-rA7Mcb3CDqsDzr0J15P2DDftMR4d15/B6hfvvVh88Se3KFCYXGbPKGK2sJFGOpzUksRpyQhgbfLHgHL4SA5UzQ=="
    }
  },
  "workspace": {
    "dependencies": [
      "npm:jolt-physics@*"
    ]
  }
}
